
Microsoft Visual Studio Solution File, Format Version 12.00
# Visual Studio Version 17
VisualStudioVersion = 17.9.34622.214
MinimumVisualStudioVersion = 10.0.40219.1
Project("{FAE04EC0-301F-11D3-BF4B-00C04F79EFBC}") = "TerrariaWiki", "TerrariaWiki\TerrariaWiki.csproj", "{01AA9A87-4B03-43C5-AFD2-D808862E90A8}"
EndProject
Global
	GlobalSection(SolutionConfigurationPlatforms) = preSolution
		Debug|Any CPU = Debug|Any CPU
		Release|Any CPU = Release|Any CPU
	EndGlobalSection
	GlobalSection(ProjectConfigurationPlatforms) = postSolution
		{01AA9A87-4B03-43C5-AFD2-D808862E90A8}.Debug|Any CPU.ActiveCfg = Debug|Any CPU
		{01AA9A87-4B03-43C5-AFD2-D808862E90A8}.Debug|Any CPU.Build.0 = Debug|Any CPU
		{01AA9A87-4B03-43C5-AFD2-D808862E90A8}.Release|Any CPU.ActiveCfg = Release|Any CPU
		{01AA9A87-4B03-43C5-AFD2-D808862E90A8}.Release|Any CPU.Build.0 = Release|Any CPU
	EndGlobalSection
	GlobalSection(SolutionProperties) = preSolution
		HideSolutionNode = FALSE
	EndGlobalSection
	GlobalSection(ExtensibilityGlobals) = postSolution
		SolutionGuid = {1B56DCFA-9BC6-46C3-A4F3-4E156A62C755}
	EndGlobalSection
EndGlobal
